// !$*UTF8*$!
{
	archiveVersion = 1;
	classes = {
	};
	objectVersion = 48;
	objects = {

/* Begin PBXBuildFile section */
		403F37E0205EC44B00C184B0 /* AppDelegate.swift in Sources */ = {isa = PBXBuildFile; fileRef = 403F37DF205EC44B00C184B0 /* AppDelegate.swift */; };
		403F37E2205EC44B00C184B0 /* LoginController.swift in Sources */ = {isa = PBXBuildFile; fileRef = 403F37E1205EC44B00C184B0 /* LoginController.swift */; };
		403F37E5205EC44B00C184B0 /* Main.storyboard in Resources */ = {isa = PBXBuildFile; fileRef = 403F37E3205EC44B00C184B0 /* Main.storyboard */; };
		403F37E7205EC44B00C184B0 /* Assets.xcassets in Resources */ = {isa = PBXBuildFile; fileRef = 403F37E6205EC44B00C184B0 /* Assets.xcassets */; };
		403F37EA205EC44B00C184B0 /* LaunchScreen.storyboard in Resources */ = {isa = PBXBuildFile; fileRef = 403F37E8205EC44B00C184B0 /* LaunchScreen.storyboard */; };
		4049E032206102FD00FAEB37 /* Categories.swift in Sources */ = {isa = PBXBuildFile; fileRef = 4049E031206102FD00FAEB37 /* Categories.swift */; };
		4049E0382061784500FAEB37 /* RegisterController.swift in Sources */ = {isa = PBXBuildFile; fileRef = 4049E0372061784500FAEB37 /* RegisterController.swift */; };
		4049E03A2061786F00FAEB37 /* Default-568h@2x.png in Resources */ = {isa = PBXBuildFile; fileRef = 4049E0392061786F00FAEB37 /* Default-568h@2x.png */; };
		4049E03C2061789000FAEB37 /* GoogleService-Info.plist in Resources */ = {isa = PBXBuildFile; fileRef = 4049E03B2061789000FAEB37 /* GoogleService-Info.plist */; };
		4049E03E20617D1900FAEB37 /* CategoryController.swift in Sources */ = {isa = PBXBuildFile; fileRef = 4049E03D20617D1900FAEB37 /* CategoryController.swift */; };
		4049E04020617D5000FAEB37 /* NewsFeedController.swift in Sources */ = {isa = PBXBuildFile; fileRef = 4049E03F20617D5000FAEB37 /* NewsFeedController.swift */; };
		4AAF2C0E0754ACA15FA7888A /* Pods_News_Now.framework in Frameworks */ = {isa = PBXBuildFile; fileRef = F0BAE121BDE202931CF701CB /* Pods_News_Now.framework */; };
/* End PBXBuildFile section */

/* Begin PBXFileReference section */
		1A457C12D3914F8EE77D7BB9 /* Pods-News Now.release.xcconfig */ = {isa = PBXFileReference; includeInIndex = 1; lastKnownFileType = text.xcconfig; name = "Pods-News Now.release.xcconfig"; path = "Pods/Target Support Files/Pods-News Now/Pods-News Now.release.xcconfig"; sourceTree = "<group>"; };
		403F37DC205EC44B00C184B0 /* News Now.app */ = {isa = PBXFileReference; explicitFileType = wrapper.application; includeInIndex = 0; path = "News Now.app"; sourceTree = BUILT_PRODUCTS_DIR; };
		403F37DF205EC44B00C184B0 /* AppDelegate.swift */ = {isa = PBXFileReference; lastKnownFileType = sourcecode.swift; path = AppDelegate.swift; sourceTree = "<group>"; };
		403F37E1205EC44B00C184B0 /* LoginController.swift */ = {isa = PBXFileReference; lastKnownFileType = sourcecode.swift; path = LoginController.swift; sourceTree = "<group>"; };
		403F37E4205EC44B00C184B0 /* Base */ = {isa = PBXFileReference; lastKnownFileType = file.storyboard; name = Base; path = Base.lproj/Main.storyboard; sourceTree = "<group>"; };
		403F37E6205EC44B00C184B0 /* Assets.xcassets */ = {isa = PBXFileReference; lastKnownFileType = folder.assetcatalog; path = Assets.xcassets; sourceTree = "<group>"; };
		403F37E9205EC44B00C184B0 /* Base */ = {isa = PBXFileReference; lastKnownFileType = file.storyboard; name = Base; path = Base.lproj/LaunchScreen.storyboard; sourceTree = "<group>"; };
		403F37EB205EC44B00C184B0 /* Info.plist */ = {isa = PBXFileReference; lastKnownFileType = text.plist.xml; path = Info.plist; sourceTree = "<group>"; };
		4049E031206102FD00FAEB37 /* Categories.swift */ = {isa = PBXFileReference; lastKnownFileType = sourcecode.swift; path = Categories.swift; sourceTree = "<group>"; };
		4049E0372061784500FAEB37 /* RegisterController.swift */ = {isa = PBXFileReference; lastKnownFileType = sourcecode.swift; path = RegisterController.swift; sourceTree = "<group>"; };
		4049E0392061786F00FAEB37 /* Default-568h@2x.png */ = {isa = PBXFileReference; lastKnownFileType = image.png; path = "Default-568h@2x.png"; sourceTree = "<group>"; };
		4049E03B2061789000FAEB37 /* GoogleService-Info.plist */ = {isa = PBXFileReference; fileEncoding = 4; lastKnownFileType = text.plist.xml; path = "GoogleService-Info.plist"; sourceTree = "<group>"; };
		4049E03D20617D1900FAEB37 /* CategoryController.swift */ = {isa = PBXFileReference; lastKnownFileType = sourcecode.swift; path = CategoryController.swift; sourceTree = "<group>"; };
		4049E03F20617D5000FAEB37 /* NewsFeedController.swift */ = {isa = PBXFileReference; lastKnownFileType = sourcecode.swift; path = NewsFeedController.swift; sourceTree = "<group>"; };
		B1D209093EEA949DE79F6B24 /* Pods-News Now.debug.xcconfig */ = {isa = PBXFileReference; includeInIndex = 1; lastKnownFileType = text.xcconfig; name = "Pods-News Now.debug.xcconfig"; path = "Pods/Target Support Files/Pods-News Now/Pods-News Now.debug.xcconfig"; sourceTree = "<group>"; };
		F0BAE121BDE202931CF701CB /* Pods_News_Now.framework */ = {isa = PBXFileReference; explicitFileType = wrapper.framework; includeInIndex = 0; path = Pods_News_Now.framework; sourceTree = BUILT_PRODUCTS_DIR; };
/* End PBXFileReference section */

/* Begin PBXFrameworksBuildPhase section */
		403F37D9205EC44B00C184B0 /* Frameworks */ = {
			isa = PBXFrameworksBuildPhase;
			buildActionMask = 2147483647;
			files = (
				4AAF2C0E0754ACA15FA7888A /* Pods_News_Now.framework in Frameworks */,
			);
			runOnlyForDeploymentPostprocessing = 0;
		};
/* End PBXFrameworksBuildPhase section */

/* Begin PBXGroup section */
		25754B6D20A8D0C6255C573E /* Pods */ = {
			isa = PBXGroup;
			children = (
				B1D209093EEA949DE79F6B24 /* Pods-News Now.debug.xcconfig */,
				1A457C12D3914F8EE77D7BB9 /* Pods-News Now.release.xcconfig */,
			);
			name = Pods;
			sourceTree = "<group>";
		};
		39DE79717BF54E66DC720EE2 /* Frameworks */ = {
			isa = PBXGroup;
			children = (
				F0BAE121BDE202931CF701CB /* Pods_News_Now.framework */,
			);
			name = Frameworks;
			sourceTree = "<group>";
		};
		403F37D3205EC44B00C184B0 = {
			isa = PBXGroup;
			children = (
				4049E0392061786F00FAEB37 /* Default-568h@2x.png */,
				403F37DE205EC44B00C184B0 /* News Now */,
				403F37EB205EC44B00C184B0 /* Info.plist */,
				4049E03B2061789000FAEB37 /* GoogleService-Info.plist */,
				403F37DD205EC44B00C184B0 /* Products */,
				25754B6D20A8D0C6255C573E /* Pods */,
				39DE79717BF54E66DC720EE2 /* Frameworks */,
			);
			sourceTree = "<group>";
		};
		403F37DD205EC44B00C184B0 /* Products */ = {
			isa = PBXGroup;
			children = (
				403F37DC205EC44B00C184B0 /* News Now.app */,
			);
			name = Products;
			sourceTree = "<group>";
		};
		403F37DE205EC44B00C184B0 /* News Now */ = {
			isa = PBXGroup;
			children = (
				403F37DF205EC44B00C184B0 /* AppDelegate.swift */,
				4049E0342061728100FAEB37 /* Model */,
				4049E0352061729700FAEB37 /* View */,
				4049E0332061727500FAEB37 /* Controllers */,
				4049E036206172A300FAEB37 /* Resources */,
			);
			path = "News Now";
			sourceTree = "<group>";
		};
		4049E0332061727500FAEB37 /* Controllers */ = {
			isa = PBXGroup;
			children = (
				403F37E1205EC44B00C184B0 /* LoginController.swift */,
				4049E0372061784500FAEB37 /* RegisterController.swift */,
				4049E03D20617D1900FAEB37 /* CategoryController.swift */,
				4049E03F20617D5000FAEB37 /* NewsFeedController.swift */,
			);
			path = Controllers;
			sourceTree = "<group>";
		};
		4049E0342061728100FAEB37 /* Model */ = {
			isa = PBXGroup;
			children = (
				4049E031206102FD00FAEB37 /* Categories.swift */,
			);
			path = Model;
			sourceTree = "<group>";
		};
		4049E0352061729700FAEB37 /* View */ = {
			isa = PBXGroup;
			children = (
				403F37E3205EC44B00C184B0 /* Main.storyboard */,
				403F37E8205EC44B00C184B0 /* LaunchScreen.storyboard */,
			);
			path = View;
			sourceTree = "<group>";
		};
		4049E036206172A300FAEB37 /* Resources */ = {
			isa = PBXGroup;
			children = (
				403F37E6205EC44B00C184B0 /* Assets.xcassets */,
			);
			path = Resources;
			sourceTree = "<group>";
		};
/* End PBXGroup section */

/* Begin PBXNativeTarget section */
		403F37DB205EC44B00C184B0 /* News Now */ = {
			isa = PBXNativeTarget;
			buildConfigurationList = 403F37EE205EC44B00C184B0 /* Build configuration list for PBXNativeTarget "News Now" */;
			buildPhases = (
				0FAE73DE02C2374A360FB202 /* [CP] Check Pods Manifest.lock */,
				403F37D8205EC44B00C184B0 /* Sources */,
				403F37D9205EC44B00C184B0 /* Frameworks */,
				403F37DA205EC44B00C184B0 /* Resources */,
				4F204322BEC4409BF7FD6E36 /* [CP] Embed Pods Frameworks */,
				1859883A04EE7848E43A51A4 /* [CP] Copy Pods Resources */,
			);
			buildRules = (
			);
			dependencies = (
			);
			name = "News Now";
			productName = "News Now";
			productReference = 403F37DC205EC44B00C184B0 /* News Now.app */;
			productType = "com.apple.product-type.application";
		};
/* End PBXNativeTarget section */

/* Begin PBXProject section */
		403F37D4205EC44B00C184B0 /* Project object */ = {
			isa = PBXProject;
			attributes = {
				LastSwiftUpdateCheck = 0920;
				LastUpgradeCheck = 0920;
				ORGANIZATIONNAME = "Sarvad shetty";
				TargetAttributes = {
					403F37DB205EC44B00C184B0 = {
						CreatedOnToolsVersion = 9.2;
						ProvisioningStyle = Automatic;
					};
				};
			};
			buildConfigurationList = 403F37D7205EC44B00C184B0 /* Build configuration list for PBXProject "News Now" */;
			compatibilityVersion = "Xcode 8.0";
			developmentRegion = en;
			hasScannedForEncodings = 0;
			knownRegions = (
				en,
				Base,
			);
			mainGroup = 403F37D3205EC44B00C184B0;
			productRefGroup = 403F37DD205EC44B00C184B0 /* Products */;
			projectDirPath = "";
			projectRoot = "";
			targets = (
				403F37DB205EC44B00C184B0 /* News Now */,
			);
		};
/* End PBXProject section */

/* Begin PBXResourcesBuildPhase section */
		403F37DA205EC44B00C184B0 /* Resources */ = {
			isa = PBXResourcesBuildPhase;
			buildActionMask = 2147483647;
			files = (
				403F37EA205EC44B00C184B0 /* LaunchScreen.storyboard in Resources */,
				403F37E7205EC44B00C184B0 /* Assets.xcassets in Resources */,
				4049E03C2061789000FAEB37 /* GoogleService-Info.plist in Resources */,
				4049E03A2061786F00FAEB37 /* Default-568h@2x.png in Resources */,
				403F37E5205EC44B00C184B0 /* Main.storyboard in Resources */,
			);
			runOnlyForDeploymentPostprocessing = 0;
		};
/* End PBXResourcesBuildPhase section */

/* Begin PBXShellScriptBuildPhase section */
		0FAE73DE02C2374A360FB202 /* [CP] Check Pods Manifest.lock */ = {
			isa = PBXShellScriptBuildPhase;
			buildActionMask = 2147483647;
			files = (
			);
			inputPaths = (
				"${PODS_PODFILE_DIR_PATH}/Podfile.lock",
				"${PODS_ROOT}/Manifest.lock",
			);
			name = "[CP] Check Pods Manifest.lock";
			outputPaths = (
				"$(DERIVED_FILE_DIR)/Pods-News Now-checkManifestLockResult.txt",
			);
			runOnlyForDeploymentPostprocessing = 0;
			shellPath = /bin/sh;
			shellScript = "diff \"${PODS_PODFILE_DIR_PATH}/Podfile.lock\" \"${PODS_ROOT}/Manifest.lock\" > /dev/null\nif [ $? != 0 ] ; then\n    # print error to STDERR\n    echo \"error: The sandbox is not in sync with the Podfile.lock. Run 'pod install' or update your CocoaPods installation.\" >&2\n    exit 1\nfi\n# This output is used by Xcode 'outputs' to avoid re-running this script phase.\necho \"SUCCESS\" > \"${SCRIPT_OUTPUT_FILE_0}\"\n";
			showEnvVarsInLog = 0;
		};
		1859883A04EE7848E43A51A4 /* [CP] Copy Pods Resources */ = {
			isa = PBXShellScriptBuildPhase;
			buildActionMask = 2147483647;
			files = (
			);
			inputPaths = (
			);
			name = "[CP] Copy Pods Resources";
			outputPaths = (
			);
			runOnlyForDeploymentPostprocessing = 0;
			shellPath = /bin/sh;
			shellScript = "\"${SRCROOT}/Pods/Target Support Files/Pods-News Now/Pods-News Now-resources.sh\"\n";
			showEnvVarsInLog = 0;
		};
		4F204322BEC4409BF7FD6E36 /* [CP] Embed Pods Frameworks */ = {
			isa = PBXShellScriptBuildPhase;
			buildActionMask = 2147483647;
			files = (
			);
			inputPaths = (
				"${SRCROOT}/Pods/Target Support Files/Pods-News Now/Pods-News Now-frameworks.sh",
				"${BUILT_PRODUCTS_DIR}/Alamofire/Alamofire.framework",
				"${BUILT_PRODUCTS_DIR}/AlamofireImage/AlamofireImage.framework",
				"${BUILT_PRODUCTS_DIR}/GTMSessionFetcher/GTMSessionFetcher.framework",
				"${BUILT_PRODUCTS_DIR}/GoogleToolboxForMac/GoogleToolboxForMac.framework",
				"${BUILT_PRODUCTS_DIR}/Magnetic/Magnetic.framework",
				"${BUILT_PRODUCTS_DIR}/Realm/Realm.framework",
				"${BUILT_PRODUCTS_DIR}/RealmSwift/RealmSwift.framework",
				"${BUILT_PRODUCTS_DIR}/SwiftKeychainWrapper/SwiftKeychainWrapper.framework",
				"${BUILT_PRODUCTS_DIR}/SwiftyJSON/SwiftyJSON.framework",
				"${BUILT_PRODUCTS_DIR}/nanopb/nanopb.framework",
			);
			name = "[CP] Embed Pods Frameworks";
			outputPaths = (
				"${TARGET_BUILD_DIR}/${FRAMEWORKS_FOLDER_PATH}/Alamofire.framework",
				"${TARGET_BUILD_DIR}/${FRAMEWORKS_FOLDER_PATH}/AlamofireImage.framework",
				"${TARGET_BUILD_DIR}/${FRAMEWORKS_FOLDER_PATH}/GTMSessionFetcher.framework",
				"${TARGET_BUILD_DIR}/${FRAMEWORKS_FOLDER_PATH}/GoogleToolboxForMac.framework",
				"${TARGET_BUILD_DIR}/${FRAMEWORKS_FOLDER_PATH}/Magnetic.framework",
				"${TARGET_BUILD_DIR}/${FRAMEWORKS_FOLDER_PATH}/Realm.framework",
				"${TARGET_BUILD_DIR}/${FRAMEWORKS_FOLDER_PATH}/RealmSwift.framework",
				"${TARGET_BUILD_DIR}/${FRAMEWORKS_FOLDER_PATH}/SwiftKeychainWrapper.framework",
				"${TARGET_BUILD_DIR}/${FRAMEWORKS_FOLDER_PATH}/SwiftyJSON.framework",
				"${TARGET_BUILD_DIR}/${FRAMEWORKS_FOLDER_PATH}/nanopb.framework",
			);
			runOnlyForDeploymentPostprocessing = 0;
			shellPath = /bin/sh;
			shellScript = "\"${SRCROOT}/Pods/Target Support Files/Pods-News Now/Pods-News Now-frameworks.sh\"\n";
			showEnvVarsInLog = 0;
		};
/* End PBXShellScriptBuildPhase section */

/* Begin PBXSourcesBuildPhase section */
		403F37D8205EC44B00C184B0 /* Sources */ = {
			isa = PBXSourcesBuildPhase;
			buildActionMask = 2147483647;
			files = (
				4049E04020617D5000FAEB37 /* NewsFeedController.swift in Sources */,
				4049E0382061784500FAEB37 /* RegisterController.swift in Sources */,
				4049E03E20617D1900FAEB37 /* CategoryController.swift in Sources */,
				403F37E2205EC44B00C184B0 /* LoginController.swift in Sources */,
				403F37E0205EC44B00C184B0 /* AppDelegate.swift in Sources */,
				4049E032206102FD00FAEB37 /* Categories.swift in Sources */,
			);
			runOnlyForDeploymentPostprocessing = 0;
		};
/* End PBXSourcesBuildPhase section */

/* Begin PBXVariantGroup section */
		403F37E3205EC44B00C184B0 /* Main.storyboard */ = {
			isa = PBXVariantGroup;
			children = (
				403F37E4205EC44B00C184B0 /* Base */,
			);
			name = Main.storyboard;
			sourceTree = "<group>";
		};
		403F37E8205EC44B00C184B0 /* LaunchScreen.storyboard */ = {
			isa = PBXVariantGroup;
			children = (
				403F37E9205EC44B00C184B0 /* Base */,
			);
			name = LaunchScreen.storyboard;
			sourceTree = "<group>";
		};
/* End PBXVariantGroup section */

/* Begin XCBuildConfiguration section */
		403F37EC205EC44B00C184B0 /* Debug */ = {
			isa = XCBuildConfiguration;
			buildSettings = {
				ALWAYS_SEARCH_USER_PATHS = NO;
				CLANG_ANALYZER_NONNULL = YES;
				CLANG_ANALYZER_NUMBER_OBJECT_CONVERSION = YES_AGGRESSIVE;
				CLANG_CXX_LANGUAGE_STANDARD = "gnu++14";
				CLANG_CXX_LIBRARY = "libc++";
				CLANG_ENABLE_MODULES = YES;
				CLANG_ENABLE_OBJC_ARC = YES;
				CLANG_WARN_BLOCK_CAPTURE_AUTORELEASING = YES;
				CLANG_WARN_BOOL_CONVERSION = YES;
				CLANG_WARN_COMMA = YES;
				CLANG_WARN_CONSTANT_CONVERSION = YES;
				CLANG_WARN_DIRECT_OBJC_ISA_USAGE = YES_ERROR;
				CLANG_WARN_DOCUMENTATION_COMMENTS = YES;
				CLANG_WARN_EMPTY_BODY = YES;
				CLANG_WARN_ENUM_CONVERSION = YES;
				CLANG_WARN_INFINITE_RECURSION = YES;
				CLANG_WARN_INT_CONVERSION = YES;
				CLANG_WARN_NON_LITERAL_NULL_CONVERSION = YES;
				CLANG_WARN_OBJC_LITERAL_CONVERSION = YES;
				CLANG_WARN_OBJC_ROOT_CLASS = YES_ERROR;
				CLANG_WARN_RANGE_LOOP_ANALYSIS = YES;
				CLANG_WARN_STRICT_PROTOTYPES = YES;
				CLANG_WARN_SUSPICIOUS_MOVE = YES;
				CLANG_WARN_UNGUARDED_AVAILABILITY = YES_AGGRESSIVE;
				CLANG_WARN_UNREACHABLE_CODE = YES;
				CLANG_WARN__DUPLICATE_METHOD_MATCH = YES;
				CODE_SIGN_IDENTITY = "iPhone Developer";
				COPY_PHASE_STRIP = NO;
				DEBUG_INFORMATION_FORMAT = dwarf;
				ENABLE_STRICT_OBJC_MSGSEND = YES;
				ENABLE_TESTABILITY = YES;
				GCC_C_LANGUAGE_STANDARD = gnu11;
				GCC_DYNAMIC_NO_PIC = NO;
				GCC_NO_COMMON_BLOCKS = YES;
				GCC_OPTIMIZATION_LEVEL = 0;
				GCC_PREPROCESSOR_DEFINITIONS = (
					"DEBUG=1",
					"$(inherited)",
				);
				GCC_WARN_64_TO_32_BIT_CONVERSION = YES;
				GCC_WARN_ABOUT_RETURN_TYPE = YES_ERROR;
				GCC_WARN_UNDECLARED_SELECTOR = YES;
				GCC_WARN_UNINITIALIZED_AUTOS = YES_AGGRESSIVE;
				GCC_WARN_UNUSED_FUNCTION = YES;
				GCC_WARN_UNUSED_VARIABLE = YES;
				IPHONEOS_DEPLOYMENT_TARGET = 11.2;
				MTL_ENABLE_DEBUG_INFO = YES;
				ONLY_ACTIVE_ARCH = YES;
				SDKROOT = iphoneos;
				SWIFT_ACTIVE_COMPILATION_CONDITIONS = DEBUG;
				SWIFT_OPTIMIZATION_LEVEL = "-Onone";
			};
			name = Debug;
		};
		403F37ED205EC44B00C184B0 /* Release */ = {
			isa = XCBuildConfiguration;
			buildSettings = {
				ALWAYS_SEARCH_USER_PATHS = NO;
				CLANG_ANALYZER_NONNULL = YES;
				CLANG_ANALYZER_NUMBER_OBJECT_CONVERSION = YES_AGGRESSIVE;
				CLANG_CXX_LANGUAGE_STANDARD = "gnu++14";
				CLANG_CXX_LIBRARY = "libc++";
				CLANG_ENABLE_MODULES = YES;
				CLANG_ENABLE_OBJC_ARC = YES;
				CLANG_WARN_BLOCK_CAPTURE_AUTORELEASING = YES;
				CLANG_WARN_BOOL_CONVERSION = YES;
				CLANG_WARN_COMMA = YES;
				CLANG_WARN_CONSTANT_CONVERSION = YES;
				CLANG_WARN_DIRECT_OBJC_ISA_USAGE = YES_ERROR;
				CLANG_WARN_DOCUMENTATION_COMMENTS = YES;
				CLANG_WARN_EMPTY_BODY = YES;
				CLANG_WARN_ENUM_CONVERSION = YES;
				CLANG_WARN_INFINITE_RECURSION = YES;
				CLANG_WARN_INT_CONVERSION = YES;
				CLANG_WARN_NON_LITERAL_NULL_CONVERSION = YES;
				CLANG_WARN_OBJC_LITERAL_CONVERSION = YES;
				CLANG_WARN_OBJC_ROOT_CLASS = YES_ERROR;
				CLANG_WARN_RANGE_LOOP_ANALYSIS = YES;
				CLANG_WARN_STRICT_PROTOTYPES = YES;
				CLANG_WARN_SUSPICIOUS_MOVE = YES;
				CLANG_WARN_UNGUARDED_AVAILABILITY = YES_AGGRESSIVE;
				CLANG_WARN_UNREACHABLE_CODE = YES;
				CLANG_WARN__DUPLICATE_METHOD_MATCH = YES;
				CODE_SIGN_IDENTITY = "iPhone Developer";
				COPY_PHASE_STRIP = NO;
				DEBUG_INFORMATION_FORMAT = "dwarf-with-dsym";
				ENABLE_NS_ASSERTIONS = NO;
				ENABLE_STRICT_OBJC_MSGSEND = YES;
				GCC_C_LANGUAGE_STANDARD = gnu11;
				GCC_NO_COMMON_BLOCKS = YES;
				GCC_WARN_64_TO_32_BIT_CONVERSION = YES;
				GCC_WARN_ABOUT_RETURN_TYPE = YES_ERROR;
				GCC_WARN_UNDECLARED_SELECTOR = YES;
				GCC_WARN_UNINITIALIZED_AUTOS = YES_AGGRESSIVE;
				GCC_WARN_UNUSED_FUNCTION = YES;
				GCC_WARN_UNUSED_VARIABLE = YES;
				IPHONEOS_DEPLOYMENT_TARGET = 11.2;
				MTL_ENABLE_DEBUG_INFO = NO;
				SDKROOT = iphoneos;
				SWIFT_OPTIMIZATION_LEVEL = "-Owholemodule";
				VALIDATE_PRODUCT = YES;
			};
			name = Release;
		};
		403F37EF205EC44B00C184B0 /* Debug */ = {
			isa = XCBuildConfiguration;
			baseConfigurationReference = B1D209093EEA949DE79F6B24 /* Pods-News Now.debug.xcconfig */;
			buildSettings = {
				ASSETCATALOG_COMPILER_APPICON_NAME = AppIcon;
				CODE_SIGN_STYLE = Automatic;
				DEVELOPMENT_TEAM = N4FDL334LZ;
				INFOPLIST_FILE = "$(SRCROOT)/Info.plist";
				LD_RUNPATH_SEARCH_PATHS = "$(inherited) @executable_path/Frameworks";
				PRODUCT_BUNDLE_IDENTIFIER = "Sarvad-Shetty.News-Now";
				PRODUCT_NAME = "$(TARGET_NAME)";
				SWIFT_VERSION = 4.0;
				TARGETED_DEVICE_FAMILY = "1,2";
			};
			name = Debug;
		};
		403F37F0205EC44B00C184B0 /* Release */ = {
			isa = XCBuildConfiguration;
			baseConfigurationReference = 1A457C12D3914F8EE77D7BB9 /* Pods-News Now.release.xcconfig */;
			buildSettings = {
				ASSETCATALOG_COMPILER_APPICON_NAME = AppIcon;
				CODE_SIGN_STYLE = Automatic;
				DEVELOPMENT_TEAM = N4FDL334LZ;
				INFOPLIST_FILE = "$(SRCROOT)/Info.plist";
				LD_RUNPATH_SEARCH_PATHS = "$(inherited) @executable_path/Frameworks";
				PRODUCT_BUNDLE_IDENTIFIER = "Sarvad-Shetty.News-Now";
				PRODUCT_NAME = "$(TARGET_NAME)";
				SWIFT_VERSION = 4.0;
				TARGETED_DEVICE_FAMILY = "1,2";
			};
			name = Release;
		};
/* End XCBuildConfiguration section */

/* Begin XCConfigurationList section */
		403F37D7205EC44B00C184B0 /* Build configuration list for PBXProject "News Now" */ = {
			isa = XCConfigurationList;
			buildConfigurations = (
				403F37EC205EC44B00C184B0 /* Debug */,
				403F37ED205EC44B00C184B0 /* Release */,
			);
			defaultConfigurationIsVisible = 0;
			defaultConfigurationName = Release;
		};
		403F37EE205EC44B00C184B0 /* Build configuration list for PBXNativeTarget "News Now" */ = {
			isa = XCConfigurationList;
			buildConfigurations = (
				403F37EF205EC44B00C184B0 /* Debug */,
				403F37F0205EC44B00C184B0 /* Release */,
			);
			defaultConfigurationIsVisible = 0;
			defaultConfigurationName = Release;
		};
/* End XCConfigurationList section */
	};
	rootObject = 403F37D4205EC44B00C184B0 /* Project object */;
}
